// !$*UTF8*$!
{
	archiveVersion = 1;
	classes = {
	};
	objectVersion = 46;
	objects = {

/* Begin PBXBuildFile section */
		18247E0711D902700022009F /* iTunesArtwork in Resources */ = {isa = PBXBuildFile; fileRef = 18247E0611D902700022009F /* iTunesArtwork */; };
		184F5F7411D142EF00B9AF43 /* Icon-72.png in Resources */ = {isa = PBXBuildFile; fileRef = 184F5F6D11D142EF00B9AF43 /* Icon-72.png */; };
		184F5F7511D142EF00B9AF43 /* Icon-Small-50.png in Resources */ = {isa = PBXBuildFile; fileRef = 184F5F6E11D142EF00B9AF43 /* Icon-Small-50.png */; };
		184F5F7611D142EF00B9AF43 /* Icon-Small.png in Resources */ = {isa = PBXBuildFile; fileRef = 184F5F6F11D142EF00B9AF43 /* Icon-Small.png */; };
		184F5F7711D142EF00B9AF43 /* Icon-Small@2x.png in Resources */ = {isa = PBXBuildFile; fileRef = 184F5F7011D142EF00B9AF43 /* Icon-Small@2x.png */; };
		184F5F7811D142EF00B9AF43 /* Icon.png in Resources */ = {isa = PBXBuildFile; fileRef = 184F5F7111D142EF00B9AF43 /* Icon.png */; };
		184F5F7911D142EF00B9AF43 /* Icon@2x.png in Resources */ = {isa = PBXBuildFile; fileRef = 184F5F7211D142EF00B9AF43 /* Icon@2x.png */; };
		1D3623260D0F684500981E51 /* CoreDataBooksAppDelegate.m in Sources */ = {isa = PBXBuildFile; fileRef = 1D3623250D0F684500981E51 /* CoreDataBooksAppDelegate.m */; };
		1D60589B0D05DD56006BFB54 /* main.m in Sources */ = {isa = PBXBuildFile; fileRef = 29B97316FDCFA39411CA2CEA /* main.m */; };
		2858AAB61528CA9400A1E836 /* CoreDataBooks.xcdatamodeld in Sources */ = {isa = PBXBuildFile; fileRef = 2858AAB41528CA9400A1E836 /* CoreDataBooks.xcdatamodeld */; };
		285CE39B141C130C0083AF09 /* MainStoryboard.storyboard in Resources */ = {isa = PBXBuildFile; fileRef = 285CE399141C130C0083AF09 /* MainStoryboard.storyboard */; };
		288832230F4D1BA200A03A78 /* CoreData.framework in Frameworks */ = {isa = PBXBuildFile; fileRef = 288832220F4D1BA200A03A78 /* CoreData.framework */; };
		288832280F4D1BB200A03A78 /* CoreGraphics.framework in Frameworks */ = {isa = PBXBuildFile; fileRef = 288832270F4D1BB200A03A78 /* CoreGraphics.framework */; };
		2888322A0F4D1BB200A03A78 /* Foundation.framework in Frameworks */ = {isa = PBXBuildFile; fileRef = 288832290F4D1BB200A03A78 /* Foundation.framework */; };
		2888322C0F4D1BB200A03A78 /* UIKit.framework in Frameworks */ = {isa = PBXBuildFile; fileRef = 2888322B0F4D1BB200A03A78 /* UIKit.framework */; };
		288C5DB6152A0CA100D11004 /* CoreDataBooks.CDBStore in Resources */ = {isa = PBXBuildFile; fileRef = 288C5DB5152A0CA100D11004 /* CoreDataBooks.CDBStore */; };
		288F3A520F6736BA00C86E86 /* ReadMe.txt in Resources */ = {isa = PBXBuildFile; fileRef = 288F3A510F6736BA00C86E86 /* ReadMe.txt */; };
		28921A430F4CEE8D000D3C06 /* DetailViewController.m in Sources */ = {isa = PBXBuildFile; fileRef = 28921A420F4CEE8D000D3C06 /* DetailViewController.m */; };
		28C286E10D94DF7D0034E888 /* RootViewController.m in Sources */ = {isa = PBXBuildFile; fileRef = 28C286E00D94DF7D0034E888 /* RootViewController.m */; };
		28C95B0B0F4F9A7F0037F30F /* AddViewController.m in Sources */ = {isa = PBXBuildFile; fileRef = 28C95B080F4F9A7F0037F30F /* AddViewController.m */; };
		28C95B0C0F4F9A7F0037F30F /* EditingViewController.m in Sources */ = {isa = PBXBuildFile; fileRef = 28C95B0A0F4F9A7F0037F30F /* EditingViewController.m */; };
		28C95B0F0F4F9A880037F30F /* Book.m in Sources */ = {isa = PBXBuildFile; fileRef = 28C95B0E0F4F9A880037F30F /* Book.m */; };
		28F22DE30F69AF6F0039BA5B /* Localizable.strings in Resources */ = {isa = PBXBuildFile; fileRef = 28F22DE20F69AF6F0039BA5B /* Localizable.strings */; };
		CE1F102F16E2068800964203 /* SenTestingKit.framework in Frameworks */ = {isa = PBXBuildFile; fileRef = CE1F102E16E2068800964203 /* SenTestingKit.framework */; };
		CE1F103016E2068800964203 /* UIKit.framework in Frameworks */ = {isa = PBXBuildFile; fileRef = 2888322B0F4D1BB200A03A78 /* UIKit.framework */; };
		CE1F103116E2068800964203 /* Foundation.framework in Frameworks */ = {isa = PBXBuildFile; fileRef = 288832290F4D1BB200A03A78 /* Foundation.framework */; };
		CE1F103716E2068800964203 /* InfoPlist.strings in Resources */ = {isa = PBXBuildFile; fileRef = CE1F103516E2068800964203 /* InfoPlist.strings */; };
		CE1F103A16E2068800964203 /* LogicTest.m in Sources */ = {isa = PBXBuildFile; fileRef = CE1F103916E2068800964203 /* LogicTest.m */; };
		CE1F104116E2092E00964203 /* MyTestClass.m in Sources */ = {isa = PBXBuildFile; fileRef = CE1F104016E2092E00964203 /* MyTestClass.m */; };
		CE1F105F16E3464100964203 /* SenTestingKit.framework in Frameworks */ = {isa = PBXBuildFile; fileRef = CE1F102E16E2068800964203 /* SenTestingKit.framework */; };
		CE1F106016E3464100964203 /* UIKit.framework in Frameworks */ = {isa = PBXBuildFile; fileRef = 2888322B0F4D1BB200A03A78 /* UIKit.framework */; };
		CE1F106116E3464100964203 /* Foundation.framework in Frameworks */ = {isa = PBXBuildFile; fileRef = 288832290F4D1BB200A03A78 /* Foundation.framework */; };
		CE1F106716E3464100964203 /* InfoPlist.strings in Resources */ = {isa = PBXBuildFile; fileRef = CE1F106516E3464100964203 /* InfoPlist.strings */; };
		CE1F106916E3464100964203 /* ExampleSpec.mm in Sources */ = {isa = PBXBuildFile; fileRef = CE1F106816E3464100964203 /* ExampleSpec.mm */; };
		CE1F106B16E3464200964203 /* Cedar-iOS.framework in Frameworks */ = {isa = PBXBuildFile; fileRef = CE1F106A16E3464200964203 /* Cedar-iOS.framework */; };
		CE1F108A16E348C400964203 /* Default-568h@2x.png in Resources */ = {isa = PBXBuildFile; fileRef = CE1F108816E348BD00964203 /* Default-568h@2x.png */; };
		CE1F109016E3498200964203 /* UIKit.framework in Frameworks */ = {isa = PBXBuildFile; fileRef = 2888322B0F4D1BB200A03A78 /* UIKit.framework */; };
		CE1F109116E3498200964203 /* Foundation.framework in Frameworks */ = {isa = PBXBuildFile; fileRef = 288832290F4D1BB200A03A78 /* Foundation.framework */; };
		CE1F109216E3498200964203 /* CoreGraphics.framework in Frameworks */ = {isa = PBXBuildFile; fileRef = 288832270F4D1BB200A03A78 /* CoreGraphics.framework */; };
		CE1F109816E3498200964203 /* InfoPlist.strings in Resources */ = {isa = PBXBuildFile; fileRef = CE1F109616E3498200964203 /* InfoPlist.strings */; };
		CE1F109A16E3498200964203 /* main.m in Sources */ = {isa = PBXBuildFile; fileRef = CE1F109916E3498200964203 /* main.m */; };
		CE1F109D16E3498200964203 /* Cedar-iOS.framework in Frameworks */ = {isa = PBXBuildFile; fileRef = CE1F109C16E3498200964203 /* Cedar-iOS.framework */; };
		CE1F109F16E3498200964203 /* ExampleSpec.mm in Sources */ = {isa = PBXBuildFile; fileRef = CE1F109E16E3498200964203 /* ExampleSpec.mm */; };
/* End PBXBuildFile section */

/* Begin PBXContainerItemProxy section */
		CE1F10A316E35D7B00964203 /* PBXContainerItemProxy */ = {
			isa = PBXContainerItemProxy;
			containerPortal = 29B97313FDCFA39411CA2CEA /* Project object */;
			proxyType = 1;
			remoteGlobalIDString = 1D6058900D05DD3D006BFB54;
			remoteInfo = CoreDataBooks;
		};
/* End PBXContainerItemProxy section */

/* Begin PBXFileReference section */
		18247E0611D902700022009F /* iTunesArtwork */ = {isa = PBXFileReference; lastKnownFileType = file; name = iTunesArtwork; path = images/iTunesArtwork; sourceTree = "<group>"; };
		184F5F6D11D142EF00B9AF43 /* Icon-72.png */ = {isa = PBXFileReference; lastKnownFileType = image.png; name = "Icon-72.png"; path = "images/Icon-72.png"; sourceTree = "<group>"; };
		184F5F6E11D142EF00B9AF43 /* Icon-Small-50.png */ = {isa = PBXFileReference; lastKnownFileType = image.png; name = "Icon-Small-50.png"; path = "images/Icon-Small-50.png"; sourceTree = "<group>"; };
		184F5F6F11D142EF00B9AF43 /* Icon-Small.png */ = {isa = PBXFileReference; lastKnownFileType = image.png; name = "Icon-Small.png"; path = "images/Icon-Small.png"; sourceTree = "<group>"; };
		184F5F7011D142EF00B9AF43 /* Icon-Small@2x.png */ = {isa = PBXFileReference; lastKnownFileType = image.png; name = "Icon-Small@2x.png"; path = "images/Icon-Small@2x.png"; sourceTree = "<group>"; };
		184F5F7111D142EF00B9AF43 /* Icon.png */ = {isa = PBXFileReference; lastKnownFileType = image.png; name = Icon.png; path = images/Icon.png; sourceTree = "<group>"; };
		184F5F7211D142EF00B9AF43 /* Icon@2x.png */ = {isa = PBXFileReference; lastKnownFileType = image.png; name = "Icon@2x.png"; path = "images/Icon@2x.png"; sourceTree = "<group>"; };
		1D3623240D0F684500981E51 /* CoreDataBooksAppDelegate.h */ = {isa = PBXFileReference; fileEncoding = 4; lastKnownFileType = sourcecode.c.h; path = CoreDataBooksAppDelegate.h; sourceTree = "<group>"; };
		1D3623250D0F684500981E51 /* CoreDataBooksAppDelegate.m */ = {isa = PBXFileReference; fileEncoding = 4; lastKnownFileType = sourcecode.c.objc; lineEnding = 0; path = CoreDataBooksAppDelegate.m; sourceTree = "<group>"; xcLanguageSpecificationIdentifier = xcode.lang.objc; };
		1D6058910D05DD3D006BFB54 /* CoreDataBooks.app */ = {isa = PBXFileReference; explicitFileType = wrapper.application; includeInIndex = 0; path = CoreDataBooks.app; sourceTree = BUILT_PRODUCTS_DIR; };
		2858AAB51528CA9400A1E836 /* CoreDataBooks.xcdatamodel */ = {isa = PBXFileReference; lastKnownFileType = wrapper.xcdatamodel; path = CoreDataBooks.xcdatamodel; sourceTree = "<group>"; };
		285CE39A141C130C0083AF09 /* en */ = {isa = PBXFileReference; lastKnownFileType = file.storyboard; name = en; path = en.lproj/MainStoryboard.storyboard; sourceTree = "<group>"; };
		2888321D0F4D1B9C00A03A78 /* CoreAudio.framework */ = {isa = PBXFileReference; lastKnownFileType = wrapper.framework; name = CoreAudio.framework; path = System/Library/Frameworks/CoreAudio.framework; sourceTree = SDKROOT; };
		288832220F4D1BA200A03A78 /* CoreData.framework */ = {isa = PBXFileReference; lastKnownFileType = wrapper.framework; name = CoreData.framework; path = System/Library/Frameworks/CoreData.framework; sourceTree = SDKROOT; };
		288832270F4D1BB200A03A78 /* CoreGraphics.framework */ = {isa = PBXFileReference; lastKnownFileType = wrapper.framework; name = CoreGraphics.framework; path = System/Library/Frameworks/CoreGraphics.framework; sourceTree = SDKROOT; };
		288832290F4D1BB200A03A78 /* Foundation.framework */ = {isa = PBXFileReference; lastKnownFileType = wrapper.framework; name = Foundation.framework; path = System/Library/Frameworks/Foundation.framework; sourceTree = SDKROOT; };
		2888322B0F4D1BB200A03A78 /* UIKit.framework */ = {isa = PBXFileReference; lastKnownFileType = wrapper.framework; name = UIKit.framework; path = System/Library/Frameworks/UIKit.framework; sourceTree = SDKROOT; };
		288C5DB5152A0CA100D11004 /* CoreDataBooks.CDBStore */ = {isa = PBXFileReference; lastKnownFileType = file; path = CoreDataBooks.CDBStore; sourceTree = "<group>"; };
		288F3A510F6736BA00C86E86 /* ReadMe.txt */ = {isa = PBXFileReference; fileEncoding = 4; lastKnownFileType = text; path = ReadMe.txt; sourceTree = "<group>"; };
		28921A410F4CEE8D000D3C06 /* DetailViewController.h */ = {isa = PBXFileReference; fileEncoding = 4; lastKnownFileType = sourcecode.c.h; name = DetailViewController.h; path = Classes/DetailViewController.h; sourceTree = "<group>"; };
		28921A420F4CEE8D000D3C06 /* DetailViewController.m */ = {isa = PBXFileReference; fileEncoding = 4; lastKnownFileType = sourcecode.c.objc; lineEnding = 0; name = DetailViewController.m; path = Classes/DetailViewController.m; sourceTree = "<group>"; xcLanguageSpecificationIdentifier = xcode.lang.objc; };
		28A0AAE50D9B0CCF005BE974 /* CoreDataBooks_Prefix.pch */ = {isa = PBXFileReference; fileEncoding = 4; lastKnownFileType = sourcecode.c.h; path = CoreDataBooks_Prefix.pch; sourceTree = "<group>"; };
		28C286DF0D94DF7D0034E888 /* RootViewController.h */ = {isa = PBXFileReference; fileEncoding = 4; lastKnownFileType = sourcecode.c.h; name = RootViewController.h; path = Classes/RootViewController.h; sourceTree = "<group>"; };
		28C286E00D94DF7D0034E888 /* RootViewController.m */ = {isa = PBXFileReference; fileEncoding = 4; lastKnownFileType = sourcecode.c.objc; lineEnding = 0; name = RootViewController.m; path = Classes/RootViewController.m; sourceTree = "<group>"; xcLanguageSpecificationIdentifier = xcode.lang.objc; };
		28C95B070F4F9A7F0037F30F /* AddViewController.h */ = {isa = PBXFileReference; fileEncoding = 4; lastKnownFileType = sourcecode.c.h; name = AddViewController.h; path = Classes/AddViewController.h; sourceTree = "<group>"; };
		28C95B080F4F9A7F0037F30F /* AddViewController.m */ = {isa = PBXFileReference; fileEncoding = 4; lastKnownFileType = sourcecode.c.objc; name = AddViewController.m; path = Classes/AddViewController.m; sourceTree = "<group>"; };
		28C95B090F4F9A7F0037F30F /* EditingViewController.h */ = {isa = PBXFileReference; fileEncoding = 4; lastKnownFileType = sourcecode.c.h; name = EditingViewController.h; path = Classes/EditingViewController.h; sourceTree = "<group>"; };
		28C95B0A0F4F9A7F0037F30F /* EditingViewController.m */ = {isa = PBXFileReference; fileEncoding = 4; lastKnownFileType = sourcecode.c.objc; name = EditingViewController.m; path = Classes/EditingViewController.m; sourceTree = "<group>"; };
		28C95B0D0F4F9A880037F30F /* Book.h */ = {isa = PBXFileReference; fileEncoding = 4; lastKnownFileType = sourcecode.c.h; name = Book.h; path = Classes/Book.h; sourceTree = "<group>"; };
		28C95B0E0F4F9A880037F30F /* Book.m */ = {isa = PBXFileReference; fileEncoding = 4; lastKnownFileType = sourcecode.c.objc; name = Book.m; path = Classes/Book.m; sourceTree = "<group>"; };
		28F22DE20F69AF6F0039BA5B /* Localizable.strings */ = {isa = PBXFileReference; fileEncoding = 10; lastKnownFileType = text.plist.strings; path = Localizable.strings; sourceTree = "<group>"; };
		29B97316FDCFA39411CA2CEA /* main.m */ = {isa = PBXFileReference; fileEncoding = 4; lastKnownFileType = sourcecode.c.objc; path = main.m; sourceTree = "<group>"; };
		8D1107310486CEB800E47090 /* Info.plist */ = {isa = PBXFileReference; fileEncoding = 4; lastKnownFileType = text.plist.xml; path = Info.plist; plistStructureDefinitionIdentifier = "com.apple.xcode.plist.structure-definition.iphone.info-plist"; sourceTree = "<group>"; };
		CE1F102D16E2068800964203 /* LogicTest.octest */ = {isa = PBXFileReference; explicitFileType = wrapper.cfbundle; includeInIndex = 0; path = LogicTest.octest; sourceTree = BUILT_PRODUCTS_DIR; };
		CE1F102E16E2068800964203 /* SenTestingKit.framework */ = {isa = PBXFileReference; lastKnownFileType = wrapper.framework; name = SenTestingKit.framework; path = Library/Frameworks/SenTestingKit.framework; sourceTree = DEVELOPER_DIR; };
		CE1F103416E2068800964203 /* LogicTest-Info.plist */ = {isa = PBXFileReference; lastKnownFileType = text.plist.xml; path = "LogicTest-Info.plist"; sourceTree = "<group>"; };
		CE1F103616E2068800964203 /* en */ = {isa = PBXFileReference; lastKnownFileType = text.plist.strings; name = en; path = en.lproj/InfoPlist.strings; sourceTree = "<group>"; };
		CE1F103816E2068800964203 /* LogicTest.h */ = {isa = PBXFileReference; lastKnownFileType = sourcecode.c.h; path = LogicTest.h; sourceTree = "<group>"; };
		CE1F103916E2068800964203 /* LogicTest.m */ = {isa = PBXFileReference; lastKnownFileType = sourcecode.c.objc; path = LogicTest.m; sourceTree = "<group>"; };
		CE1F103B16E2068800964203 /* LogicTest-Prefix.pch */ = {isa = PBXFileReference; lastKnownFileType = sourcecode.c.h; path = "LogicTest-Prefix.pch"; sourceTree = "<group>"; };
		CE1F103F16E2092E00964203 /* MyTestClass.h */ = {isa = PBXFileReference; fileEncoding = 4; lastKnownFileType = sourcecode.c.h; path = MyTestClass.h; sourceTree = "<group>"; };
		CE1F104016E2092E00964203 /* MyTestClass.m */ = {isa = PBXFileReference; fileEncoding = 4; lastKnownFileType = sourcecode.c.objc; path = MyTestClass.m; sourceTree = "<group>"; };
		CE1F105E16E3464100964203 /* CedarTest.octest */ = {isa = PBXFileReference; explicitFileType = wrapper.cfbundle; includeInIndex = 0; path = CedarTest.octest; sourceTree = BUILT_PRODUCTS_DIR; };
		CE1F106416E3464100964203 /* CedarTest-Info.plist */ = {isa = PBXFileReference; lastKnownFileType = text.plist.xml; path = "CedarTest-Info.plist"; sourceTree = "<group>"; };
		CE1F106616E3464100964203 /* en */ = {isa = PBXFileReference; lastKnownFileType = text.plist.strings; name = en; path = en.lproj/InfoPlist.strings; sourceTree = "<group>"; };
		CE1F106816E3464100964203 /* ExampleSpec.mm */ = {isa = PBXFileReference; lastKnownFileType = sourcecode.cpp.objcpp; path = ExampleSpec.mm; sourceTree = "<group>"; };
		CE1F106A16E3464200964203 /* Cedar-iOS.framework */ = {isa = PBXFileReference; lastKnownFileType = wrapper.framework; name = "Cedar-iOS.framework"; path = "Frameworks/Cedar-iOS.framework"; sourceTree = "<group>"; };
		CE1F106C16E3464200964203 /* CedarTest-Prefix.pch */ = {isa = PBXFileReference; lastKnownFileType = sourcecode.c.h; path = "CedarTest-Prefix.pch"; sourceTree = "<group>"; };
		CE1F108816E348BD00964203 /* Default-568h@2x.png */ = {isa = PBXFileReference; lastKnownFileType = image.png; path = "Default-568h@2x.png"; sourceTree = "<group>"; };
		CE1F108F16E3498200964203 /* CedarTestSuite.app */ = {isa = PBXFileReference; explicitFileType = wrapper.application; includeInIndex = 0; path = CedarTestSuite.app; sourceTree = BUILT_PRODUCTS_DIR; };
		CE1F109516E3498200964203 /* CedarTestSuite-Info.plist */ = {isa = PBXFileReference; lastKnownFileType = text.plist.xml; path = "CedarTestSuite-Info.plist"; sourceTree = "<group>"; };
		CE1F109716E3498200964203 /* en */ = {isa = PBXFileReference; lastKnownFileType = text.plist.strings; name = en; path = en.lproj/InfoPlist.strings; sourceTree = "<group>"; };
		CE1F109916E3498200964203 /* main.m */ = {isa = PBXFileReference; lastKnownFileType = sourcecode.c.objc; path = main.m; sourceTree = "<group>"; };
		CE1F109B16E3498200964203 /* CedarTestSuite-Prefix.pch */ = {isa = PBXFileReference; lastKnownFileType = sourcecode.c.h; path = "CedarTestSuite-Prefix.pch"; sourceTree = "<group>"; };
		CE1F109C16E3498200964203 /* Cedar-iOS.framework */ = {isa = PBXFileReference; lastKnownFileType = wrapper.framework; name = "Cedar-iOS.framework"; path = "Frameworks/Cedar-iOS.framework"; sourceTree = "<group>"; };
		CE1F109E16E3498200964203 /* ExampleSpec.mm */ = {isa = PBXFileReference; lastKnownFileType = sourcecode.cpp.objcpp; path = ExampleSpec.mm; sourceTree = "<group>"; };
/* End PBXFileReference section */

/* Begin PBXFrameworksBuildPhase section */
		1D60588F0D05DD3D006BFB54 /* Frameworks */ = {
			isa = PBXFrameworksBuildPhase;
			buildActionMask = 2147483647;
			files = (
				288832230F4D1BA200A03A78 /* CoreData.framework in Frameworks */,
				288832280F4D1BB200A03A78 /* CoreGraphics.framework in Frameworks */,
				2888322A0F4D1BB200A03A78 /* Foundation.framework in Frameworks */,
				2888322C0F4D1BB200A03A78 /* UIKit.framework in Frameworks */,
			);
			runOnlyForDeploymentPostprocessing = 0;
		};
		CE1F102916E2068800964203 /* Frameworks */ = {
			isa = PBXFrameworksBuildPhase;
			buildActionMask = 2147483647;
			files = (
				CE1F102F16E2068800964203 /* SenTestingKit.framework in Frameworks */,
				CE1F103016E2068800964203 /* UIKit.framework in Frameworks */,
				CE1F103116E2068800964203 /* Foundation.framework in Frameworks */,
			);
			runOnlyForDeploymentPostprocessing = 0;
		};
		CE1F105A16E3464100964203 /* Frameworks */ = {
			isa = PBXFrameworksBuildPhase;
			buildActionMask = 2147483647;
			files = (
				CE1F105F16E3464100964203 /* SenTestingKit.framework in Frameworks */,
				CE1F106016E3464100964203 /* UIKit.framework in Frameworks */,
				CE1F106116E3464100964203 /* Foundation.framework in Frameworks */,
				CE1F106B16E3464200964203 /* Cedar-iOS.framework in Frameworks */,
			);
			runOnlyForDeploymentPostprocessing = 0;
		};
		CE1F108C16E3498200964203 /* Frameworks */ = {
			isa = PBXFrameworksBuildPhase;
			buildActionMask = 2147483647;
			files = (
				CE1F109016E3498200964203 /* UIKit.framework in Frameworks */,
				CE1F109116E3498200964203 /* Foundation.framework in Frameworks */,
				CE1F109216E3498200964203 /* CoreGraphics.framework in Frameworks */,
				CE1F109D16E3498200964203 /* Cedar-iOS.framework in Frameworks */,
			);
			runOnlyForDeploymentPostprocessing = 0;
		};
/* End PBXFrameworksBuildPhase section */

/* Begin PBXGroup section */
		080E96DDFE201D6D7F000001 /* Application Delegate */ = {
			isa = PBXGroup;
			children = (
				1D3623240D0F684500981E51 /* CoreDataBooksAppDelegate.h */,
				1D3623250D0F684500981E51 /* CoreDataBooksAppDelegate.m */,
			);
			name = "Application Delegate";
			path = Classes;
			sourceTree = "<group>";
		};
		19C28FACFE9D520D11CA2CBB /* Products */ = {
			isa = PBXGroup;
			children = (
				1D6058910D05DD3D006BFB54 /* CoreDataBooks.app */,
				CE1F102D16E2068800964203 /* LogicTest.octest */,
				CE1F105E16E3464100964203 /* CedarTest.octest */,
				CE1F108F16E3498200964203 /* CedarTestSuite.app */,
			);
			name = Products;
			sourceTree = "<group>";
		};
		286FA52F1528C520009DFB0A /* Art */ = {
			isa = PBXGroup;
			children = (
				18247E0611D902700022009F /* iTunesArtwork */,
				184F5F6D11D142EF00B9AF43 /* Icon-72.png */,
				184F5F6E11D142EF00B9AF43 /* Icon-Small-50.png */,
				184F5F6F11D142EF00B9AF43 /* Icon-Small.png */,
				184F5F7011D142EF00B9AF43 /* Icon-Small@2x.png */,
				184F5F7111D142EF00B9AF43 /* Icon.png */,
				184F5F7211D142EF00B9AF43 /* Icon@2x.png */,
			);
			name = Art;
			sourceTree = "<group>";
		};
		2882F5750F4CFBA10089C43B /* View Controllers */ = {
			isa = PBXGroup;
			children = (
				28C286DF0D94DF7D0034E888 /* RootViewController.h */,
				28C286E00D94DF7D0034E888 /* RootViewController.m */,
				28921A410F4CEE8D000D3C06 /* DetailViewController.h */,
				28921A420F4CEE8D000D3C06 /* DetailViewController.m */,
				28C95B070F4F9A7F0037F30F /* AddViewController.h */,
				28C95B080F4F9A7F0037F30F /* AddViewController.m */,
				28C95B090F4F9A7F0037F30F /* EditingViewController.h */,
				28C95B0A0F4F9A7F0037F30F /* EditingViewController.m */,
			);
			name = "View Controllers";
			sourceTree = "<group>";
		};
		28921A570F4CF0D0000D3C06 /* Model Class */ = {
			isa = PBXGroup;
			children = (
				28C95B0D0F4F9A880037F30F /* Book.h */,
				28C95B0E0F4F9A880037F30F /* Book.m */,
			);
			name = "Model Class";
			sourceTree = "<group>";
		};
		29B97314FDCFA39411CA2CEA /* CustomTemplate */ = {
			isa = PBXGroup;
			children = (
				CE1F108816E348BD00964203 /* Default-568h@2x.png */,
				288F3A510F6736BA00C86E86 /* ReadMe.txt */,
				2882F5750F4CFBA10089C43B /* View Controllers */,
				28921A570F4CF0D0000D3C06 /* Model Class */,
				080E96DDFE201D6D7F000001 /* Application Delegate */,
				29B97317FDCFA39411CA2CEA /* Resources */,
				29B97315FDCFA39411CA2CEA /* Supporting Files */,
				CE1F103216E2068800964203 /* LogicTest */,
				CE1F106216E3464100964203 /* CedarTest */,
				CE1F109316E3498200964203 /* CedarTestSuite */,
				29B97323FDCFA39411CA2CEA /* Frameworks */,
				19C28FACFE9D520D11CA2CBB /* Products */,
			);
			name = CustomTemplate;
			sourceTree = "<group>";
		};
		29B97315FDCFA39411CA2CEA /* Supporting Files */ = {
			isa = PBXGroup;
			children = (
				28A0AAE50D9B0CCF005BE974 /* CoreDataBooks_Prefix.pch */,
				29B97316FDCFA39411CA2CEA /* main.m */,
				8D1107310486CEB800E47090 /* Info.plist */,
			);
			name = "Supporting Files";
			sourceTree = "<group>";
		};
		29B97317FDCFA39411CA2CEA /* Resources */ = {
			isa = PBXGroup;
			children = (
				288C5DB5152A0CA100D11004 /* CoreDataBooks.CDBStore */,
				285CE399141C130C0083AF09 /* MainStoryboard.storyboard */,
				2858AAB41528CA9400A1E836 /* CoreDataBooks.xcdatamodeld */,
				28F22DE20F69AF6F0039BA5B /* Localizable.strings */,
				286FA52F1528C520009DFB0A /* Art */,
			);
			name = Resources;
			sourceTree = "<group>";
		};
		29B97323FDCFA39411CA2CEA /* Frameworks */ = {
			isa = PBXGroup;
			children = (
				2888321D0F4D1B9C00A03A78 /* CoreAudio.framework */,
				288832220F4D1BA200A03A78 /* CoreData.framework */,
				288832270F4D1BB200A03A78 /* CoreGraphics.framework */,
				288832290F4D1BB200A03A78 /* Foundation.framework */,
				2888322B0F4D1BB200A03A78 /* UIKit.framework */,
				CE1F102E16E2068800964203 /* SenTestingKit.framework */,
			);
			name = Frameworks;
			sourceTree = "<group>";
		};
		CE1F103216E2068800964203 /* LogicTest */ = {
			isa = PBXGroup;
			children = (
				CE1F103816E2068800964203 /* LogicTest.h */,
				CE1F103916E2068800964203 /* LogicTest.m */,
				CE1F103316E2068800964203 /* Supporting Files */,
				CE1F103F16E2092E00964203 /* MyTestClass.h */,
				CE1F104016E2092E00964203 /* MyTestClass.m */,
			);
			path = LogicTest;
			sourceTree = "<group>";
		};
		CE1F103316E2068800964203 /* Supporting Files */ = {
			isa = PBXGroup;
			children = (
				CE1F103416E2068800964203 /* LogicTest-Info.plist */,
				CE1F103516E2068800964203 /* InfoPlist.strings */,
				CE1F103B16E2068800964203 /* LogicTest-Prefix.pch */,
			);
			name = "Supporting Files";
			sourceTree = "<group>";
		};
		CE1F106216E3464100964203 /* CedarTest */ = {
			isa = PBXGroup;
			children = (
				CE1F106816E3464100964203 /* ExampleSpec.mm */,
				CE1F106A16E3464200964203 /* Cedar-iOS.framework */,
				CE1F106316E3464100964203 /* Supporting Files */,
			);
			path = CedarTest;
			sourceTree = "<group>";
		};
		CE1F106316E3464100964203 /* Supporting Files */ = {
			isa = PBXGroup;
			children = (
				CE1F106416E3464100964203 /* CedarTest-Info.plist */,
				CE1F106516E3464100964203 /* InfoPlist.strings */,
				CE1F106C16E3464200964203 /* CedarTest-Prefix.pch */,
			);
			name = "Supporting Files";
			sourceTree = "<group>";
		};
		CE1F109316E3498200964203 /* CedarTestSuite */ = {
			isa = PBXGroup;
			children = (
				CE1F109C16E3498200964203 /* Cedar-iOS.framework */,
				CE1F109E16E3498200964203 /* ExampleSpec.mm */,
				CE1F109416E3498200964203 /* Supporting Files */,
			);
			path = CedarTestSuite;
			sourceTree = "<group>";
		};
		CE1F109416E3498200964203 /* Supporting Files */ = {
			isa = PBXGroup;
			children = (
				CE1F109516E3498200964203 /* CedarTestSuite-Info.plist */,
				CE1F109616E3498200964203 /* InfoPlist.strings */,
				CE1F109916E3498200964203 /* main.m */,
				CE1F109B16E3498200964203 /* CedarTestSuite-Prefix.pch */,
			);
			name = "Supporting Files";
			sourceTree = "<group>";
		};
/* End PBXGroup section */

/* Begin PBXNativeTarget section */
		1D6058900D05DD3D006BFB54 /* CoreDataBooks */ = {
			isa = PBXNativeTarget;
			buildConfigurationList = 1D6058960D05DD3E006BFB54 /* Build configuration list for PBXNativeTarget "CoreDataBooks" */;
			buildPhases = (
				1D60588D0D05DD3D006BFB54 /* Resources */,
				1D60588E0D05DD3D006BFB54 /* Sources */,
				1D60588F0D05DD3D006BFB54 /* Frameworks */,
			);
			buildRules = (
			);
			dependencies = (
			);
			name = CoreDataBooks;
			productName = CoreDataBooks;
			productReference = 1D6058910D05DD3D006BFB54 /* CoreDataBooks.app */;
			productType = "com.apple.product-type.application";
		};
		CE1F102C16E2068800964203 /* LogicTest */ = {
			isa = PBXNativeTarget;
			buildConfigurationList = CE1F103E16E2068800964203 /* Build configuration list for PBXNativeTarget "LogicTest" */;
			buildPhases = (
				CE1F102816E2068800964203 /* Sources */,
				CE1F102916E2068800964203 /* Frameworks */,
				CE1F102A16E2068800964203 /* Resources */,
				CE1F102B16E2068800964203 /* ShellScript */,
			);
			buildRules = (
			);
			dependencies = (
			);
			name = LogicTest;
			productName = LogicTest;
			productReference = CE1F102D16E2068800964203 /* LogicTest.octest */;
			productType = "com.apple.product-type.bundle";
		};
		CE1F105D16E3464100964203 /* CedarTest */ = {
			isa = PBXNativeTarget;
			buildConfigurationList = CE1F106D16E3464200964203 /* Build configuration list for PBXNativeTarget "CedarTest" */;
			buildPhases = (
				CE1F105916E3464100964203 /* Sources */,
				CE1F105A16E3464100964203 /* Frameworks */,
				CE1F105B16E3464100964203 /* Resources */,
				CE1F105C16E3464100964203 /* ShellScript */,
			);
			buildRules = (
			);
			dependencies = (
				CE1F10A416E35D7B00964203 /* PBXTargetDependency */,
			);
			name = CedarTest;
			productName = CedarTest;
			productReference = CE1F105E16E3464100964203 /* CedarTest.octest */;
			productType = "com.apple.product-type.bundle";
		};
		CE1F108E16E3498200964203 /* CedarTestSuite */ = {
			isa = PBXNativeTarget;
			buildConfigurationList = CE1F10A016E3498200964203 /* Build configuration list for PBXNativeTarget "CedarTestSuite" */;
			buildPhases = (
				CE1F108B16E3498200964203 /* Sources */,
				CE1F108C16E3498200964203 /* Frameworks */,
				CE1F108D16E3498200964203 /* Resources */,
			);
			buildRules = (
			);
			dependencies = (
			);
			name = CedarTestSuite;
			productName = CedarTestSuite;
			productReference = CE1F108F16E3498200964203 /* CedarTestSuite.app */;
			productType = "com.apple.product-type.application";
		};
/* End PBXNativeTarget section */

/* Begin PBXProject section */
		29B97313FDCFA39411CA2CEA /* Project object */ = {
			isa = PBXProject;
			attributes = {
				LastUpgradeCheck = 0440;
			};
			buildConfigurationList = C01FCF4E08A954540054247B /* Build configuration list for PBXProject "CoreDataBooks" */;
			compatibilityVersion = "Xcode 3.2";
			developmentRegion = English;
			hasScannedForEncodings = 1;
			knownRegions = (
				English,
				Japanese,
				French,
				German,
				en,
			);
			mainGroup = 29B97314FDCFA39411CA2CEA /* CustomTemplate */;
			projectDirPath = "";
			projectRoot = "";
			targets = (
				1D6058900D05DD3D006BFB54 /* CoreDataBooks */,
				CE1F102C16E2068800964203 /* LogicTest */,
				CE1F105D16E3464100964203 /* CedarTest */,
				CE1F108E16E3498200964203 /* CedarTestSuite */,
			);
		};
/* End PBXProject section */

/* Begin PBXResourcesBuildPhase section */
		1D60588D0D05DD3D006BFB54 /* Resources */ = {
			isa = PBXResourcesBuildPhase;
			buildActionMask = 2147483647;
			files = (
				288F3A520F6736BA00C86E86 /* ReadMe.txt in Resources */,
				28F22DE30F69AF6F0039BA5B /* Localizable.strings in Resources */,
				184F5F7411D142EF00B9AF43 /* Icon-72.png in Resources */,
				184F5F7511D142EF00B9AF43 /* Icon-Small-50.png in Resources */,
				184F5F7611D142EF00B9AF43 /* Icon-Small.png in Resources */,
				184F5F7711D142EF00B9AF43 /* Icon-Small@2x.png in Resources */,
				184F5F7811D142EF00B9AF43 /* Icon.png in Resources */,
				184F5F7911D142EF00B9AF43 /* Icon@2x.png in Resources */,
				18247E0711D902700022009F /* iTunesArtwork in Resources */,
				285CE39B141C130C0083AF09 /* MainStoryboard.storyboard in Resources */,
				288C5DB6152A0CA100D11004 /* CoreDataBooks.CDBStore in Resources */,
				CE1F108A16E348C400964203 /* Default-568h@2x.png in Resources */,
			);
			runOnlyForDeploymentPostprocessing = 0;
		};
		CE1F102A16E2068800964203 /* Resources */ = {
			isa = PBXResourcesBuildPhase;
			buildActionMask = 2147483647;
			files = (
				CE1F103716E2068800964203 /* InfoPlist.strings in Resources */,
			);
			runOnlyForDeploymentPostprocessing = 0;
		};
		CE1F105B16E3464100964203 /* Resources */ = {
			isa = PBXResourcesBuildPhase;
			buildActionMask = 2147483647;
			files = (
				CE1F106716E3464100964203 /* InfoPlist.strings in Resources */,
			);
			runOnlyForDeploymentPostprocessing = 0;
		};
		CE1F108D16E3498200964203 /* Resources */ = {
			isa = PBXResourcesBuildPhase;
			buildActionMask = 2147483647;
			files = (
				CE1F109816E3498200964203 /* InfoPlist.strings in Resources */,
			);
			runOnlyForDeploymentPostprocessing = 0;
		};
/* End PBXResourcesBuildPhase section */

/* Begin PBXShellScriptBuildPhase section */
		CE1F102B16E2068800964203 /* ShellScript */ = {
			isa = PBXShellScriptBuildPhase;
			buildActionMask = 2147483647;
			files = (
			);
			inputPaths = (
			);
			outputPaths = (
			);
			runOnlyForDeploymentPostprocessing = 0;
			shellPath = /bin/sh;
			shellScript = "# Run the unit tests in this test bundle.\n\"${SYSTEM_DEVELOPER_DIR}/Tools/RunUnitTests\"\n";
		};
		CE1F105C16E3464100964203 /* ShellScript */ = {
			isa = PBXShellScriptBuildPhase;
			buildActionMask = 2147483647;
			files = (
			);
			inputPaths = (
			);
			outputPaths = (
			);
			runOnlyForDeploymentPostprocessing = 0;
			shellPath = /bin/sh;
			shellScript = "# Run the unit tests in this test bundle.\n\"${SYSTEM_DEVELOPER_DIR}/Tools/RunUnitTests\"\n";
		};
/* End PBXShellScriptBuildPhase section */

/* Begin PBXSourcesBuildPhase section */
		1D60588E0D05DD3D006BFB54 /* Sources */ = {
			isa = PBXSourcesBuildPhase;
			buildActionMask = 2147483647;
			files = (
				1D60589B0D05DD56006BFB54 /* main.m in Sources */,
				1D3623260D0F684500981E51 /* CoreDataBooksAppDelegate.m in Sources */,
				28C286E10D94DF7D0034E888 /* RootViewController.m in Sources */,
				28921A430F4CEE8D000D3C06 /* DetailViewController.m in Sources */,
				28C95B0B0F4F9A7F0037F30F /* AddViewController.m in Sources */,
				28C95B0C0F4F9A7F0037F30F /* EditingViewController.m in Sources */,
				28C95B0F0F4F9A880037F30F /* Book.m in Sources */,
				2858AAB61528CA9400A1E836 /* CoreDataBooks.xcdatamodeld in Sources */,
			);
			runOnlyForDeploymentPostprocessing = 0;
		};
		CE1F102816E2068800964203 /* Sources */ = {
			isa = PBXSourcesBuildPhase;
			buildActionMask = 2147483647;
			files = (
				CE1F103A16E2068800964203 /* LogicTest.m in Sources */,
				CE1F104116E2092E00964203 /* MyTestClass.m in Sources */,
			);
			runOnlyForDeploymentPostprocessing = 0;
		};
		CE1F105916E3464100964203 /* Sources */ = {
			isa = PBXSourcesBuildPhase;
			buildActionMask = 2147483647;
			files = (
				CE1F106916E3464100964203 /* ExampleSpec.mm in Sources */,
			);
			runOnlyForDeploymentPostprocessing = 0;
		};
		CE1F108B16E3498200964203 /* Sources */ = {
			isa = PBXSourcesBuildPhase;
			buildActionMask = 2147483647;
			files = (
				CE1F109A16E3498200964203 /* main.m in Sources */,
				CE1F109F16E3498200964203 /* ExampleSpec.mm in Sources */,
			);
			runOnlyForDeploymentPostprocessing = 0;
		};
/* End PBXSourcesBuildPhase section */

/* Begin PBXTargetDependency section */
		CE1F10A416E35D7B00964203 /* PBXTargetDependency */ = {
			isa = PBXTargetDependency;
			target = 1D6058900D05DD3D006BFB54 /* CoreDataBooks */;
			targetProxy = CE1F10A316E35D7B00964203 /* PBXContainerItemProxy */;
		};
/* End PBXTargetDependency section */

/* Begin PBXVariantGroup section */
		285CE399141C130C0083AF09 /* MainStoryboard.storyboard */ = {
			isa = PBXVariantGroup;
			children = (
				285CE39A141C130C0083AF09 /* en */,
			);
			name = MainStoryboard.storyboard;
			sourceTree = "<group>";
		};
		CE1F103516E2068800964203 /* InfoPlist.strings */ = {
			isa = PBXVariantGroup;
			children = (
				CE1F103616E2068800964203 /* en */,
			);
			name = InfoPlist.strings;
			sourceTree = "<group>";
		};
		CE1F106516E3464100964203 /* InfoPlist.strings */ = {
			isa = PBXVariantGroup;
			children = (
				CE1F106616E3464100964203 /* en */,
			);
			name = InfoPlist.strings;
			sourceTree = "<group>";
		};
		CE1F109616E3498200964203 /* InfoPlist.strings */ = {
			isa = PBXVariantGroup;
			children = (
				CE1F109716E3498200964203 /* en */,
			);
			name = InfoPlist.strings;
			sourceTree = "<group>";
		};
/* End PBXVariantGroup section */

/* Begin XCBuildConfiguration section */
		1D6058940D05DD3E006BFB54 /* Debug */ = {
			isa = XCBuildConfiguration;
			buildSettings = {
				ALWAYS_SEARCH_USER_PATHS = NO;
				CLANG_ENABLE_OBJC_ARC = YES;
				COPY_PHASE_STRIP = NO;
				GCC_DYNAMIC_NO_PIC = NO;
				GCC_OPTIMIZATION_LEVEL = 0;
				GCC_PRECOMPILE_PREFIX_HEADER = YES;
				GCC_PREFIX_HEADER = CoreDataBooks_Prefix.pch;
				GCC_VERSION = com.apple.compilers.llvm.clang.1_0;
				INFOPLIST_FILE = Info.plist;
				IPHONEOS_DEPLOYMENT_TARGET = 5.1;
				PRODUCT_NAME = CoreDataBooks;
			};
			name = Debug;
		};
		1D6058950D05DD3E006BFB54 /* Release */ = {
			isa = XCBuildConfiguration;
			buildSettings = {
				ALWAYS_SEARCH_USER_PATHS = NO;
				CLANG_ENABLE_OBJC_ARC = YES;
				COPY_PHASE_STRIP = YES;
				GCC_PRECOMPILE_PREFIX_HEADER = YES;
				GCC_PREFIX_HEADER = CoreDataBooks_Prefix.pch;
				GCC_VERSION = com.apple.compilers.llvm.clang.1_0;
				INFOPLIST_FILE = Info.plist;
				IPHONEOS_DEPLOYMENT_TARGET = 5.1;
				PRODUCT_NAME = CoreDataBooks;
			};
			name = Release;
		};
		C01FCF4F08A954540054247B /* Debug */ = {
			isa = XCBuildConfiguration;
			buildSettings = {
				ARCHS = "$(ARCHS_STANDARD_32_BIT)";
				"CODE_SIGN_IDENTITY[sdk=iphoneos*]" = "iPhone Developer";
				GCC_C_LANGUAGE_STANDARD = c99;
				GCC_WARN_ABOUT_RETURN_TYPE = YES;
				GCC_WARN_UNUSED_VARIABLE = YES;
				IPHONEOS_DEPLOYMENT_TARGET = 3.2;
				SDKROOT = iphoneos;
			};
			name = Debug;
		};
		C01FCF5008A954540054247B /* Release */ = {
			isa = XCBuildConfiguration;
			buildSettings = {
				ARCHS = "$(ARCHS_STANDARD_32_BIT)";
				"CODE_SIGN_IDENTITY[sdk=iphoneos*]" = "iPhone Developer";
				GCC_C_LANGUAGE_STANDARD = c99;
				GCC_WARN_ABOUT_RETURN_TYPE = YES;
				GCC_WARN_UNUSED_VARIABLE = YES;
				IPHONEOS_DEPLOYMENT_TARGET = 3.2;
				SDKROOT = iphoneos;
			};
			name = Release;
		};
		CE1F103C16E2068800964203 /* Debug */ = {
			isa = XCBuildConfiguration;
			buildSettings = {
				ALWAYS_SEARCH_USER_PATHS = NO;
				CLANG_CXX_LANGUAGE_STANDARD = "gnu++0x";
				CLANG_CXX_LIBRARY = "libc++";
				CLANG_ENABLE_OBJC_ARC = YES;
				CLANG_WARN_CONSTANT_CONVERSION = YES;
				CLANG_WARN_EMPTY_BODY = YES;
				CLANG_WARN_ENUM_CONVERSION = YES;
				CLANG_WARN_INT_CONVERSION = YES;
				CLANG_WARN__DUPLICATE_METHOD_MATCH = YES;
				COPY_PHASE_STRIP = NO;
				FRAMEWORK_SEARCH_PATHS = (
					"\"$(SDKROOT)/Developer/Library/Frameworks\"",
					"\"$(DEVELOPER_LIBRARY_DIR)/Frameworks\"",
				);
				GCC_C_LANGUAGE_STANDARD = gnu99;
				GCC_DYNAMIC_NO_PIC = NO;
				GCC_GENERATE_TEST_COVERAGE_FILES = YES;
				GCC_INSTRUMENT_PROGRAM_FLOW_ARCS = YES;
				GCC_OPTIMIZATION_LEVEL = 0;
				GCC_PRECOMPILE_PREFIX_HEADER = YES;
				GCC_PREFIX_HEADER = "LogicTest/LogicTest-Prefix.pch";
				GCC_PREPROCESSOR_DEFINITIONS = (
					"DEBUG=1",
					"$(inherited)",
				);
				GCC_SYMBOLS_PRIVATE_EXTERN = NO;
				GCC_WARN_UNINITIALIZED_AUTOS = YES;
				INFOPLIST_FILE = "LogicTest/LogicTest-Info.plist";
				IPHONEOS_DEPLOYMENT_TARGET = 6.1;
				ONLY_ACTIVE_ARCH = YES;
				PRODUCT_NAME = "$(TARGET_NAME)";
				TEST_AFTER_BUILD = YES;
				WRAPPER_EXTENSION = octest;
			};
			name = Debug;
		};
		CE1F103D16E2068800964203 /* Release */ = {
			isa = XCBuildConfiguration;
			buildSettings = {
				ALWAYS_SEARCH_USER_PATHS = NO;
				CLANG_CXX_LANGUAGE_STANDARD = "gnu++0x";
				CLANG_CXX_LIBRARY = "libc++";
				CLANG_ENABLE_OBJC_ARC = YES;
				CLANG_WARN_CONSTANT_CONVERSION = YES;
				CLANG_WARN_EMPTY_BODY = YES;
				CLANG_WARN_ENUM_CONVERSION = YES;
				CLANG_WARN_INT_CONVERSION = YES;
				CLANG_WARN__DUPLICATE_METHOD_MATCH = YES;
				COPY_PHASE_STRIP = YES;
				FRAMEWORK_SEARCH_PATHS = (
					"\"$(SDKROOT)/Developer/Library/Frameworks\"",
					"\"$(DEVELOPER_LIBRARY_DIR)/Frameworks\"",
				);
				GCC_C_LANGUAGE_STANDARD = gnu99;
				GCC_GENERATE_TEST_COVERAGE_FILES = NO;
				GCC_PRECOMPILE_PREFIX_HEADER = YES;
				GCC_PREFIX_HEADER = "LogicTest/LogicTest-Prefix.pch";
				GCC_WARN_UNINITIALIZED_AUTOS = YES;
				INFOPLIST_FILE = "LogicTest/LogicTest-Info.plist";
				IPHONEOS_DEPLOYMENT_TARGET = 6.1;
				PRODUCT_NAME = "$(TARGET_NAME)";
				TEST_AFTER_BUILD = YES;
				VALIDATE_PRODUCT = YES;
				WRAPPER_EXTENSION = octest;
			};
			name = Release;
		};
		CE1F106E16E3464200964203 /* Debug */ = {
			isa = XCBuildConfiguration;
			buildSettings = {
				ALWAYS_SEARCH_USER_PATHS = NO;
				BUNDLE_LOADER = "$(BUILT_PRODUCTS_DIR)/CoreDataBooks.app/CoreDataBooks";
				CLANG_CXX_LANGUAGE_STANDARD = "gnu++0x";
				CLANG_CXX_LIBRARY = "libc++";
				CLANG_ENABLE_OBJC_ARC = YES;
				CLANG_WARN_CONSTANT_CONVERSION = YES;
				CLANG_WARN_EMPTY_BODY = YES;
				CLANG_WARN_ENUM_CONVERSION = YES;
				CLANG_WARN_INT_CONVERSION = YES;
				CLANG_WARN__DUPLICATE_METHOD_MATCH = YES;
				COPY_PHASE_STRIP = NO;
				FRAMEWORK_SEARCH_PATHS = (
					"$(SDKROOT)/Developer/Library/Frameworks",
					"$(DEVELOPER_LIBRARY_DIR)/Frameworks",
					"\"$(SRCROOT)/CedarTest/Frameworks\"",
				);
				GCC_C_LANGUAGE_STANDARD = gnu99;
				GCC_DYNAMIC_NO_PIC = NO;
				GCC_GENERATE_TEST_COVERAGE_FILES = YES;
				GCC_OPTIMIZATION_LEVEL = 0;
				GCC_PRECOMPILE_PREFIX_HEADER = YES;
				GCC_PREFIX_HEADER = "CedarTest/CedarTest-Prefix.pch";
				GCC_PREPROCESSOR_DEFINITIONS = (
					"DEBUG=1",
					"$(inherited)",
				);
				GCC_SYMBOLS_PRIVATE_EXTERN = NO;
				GCC_WARN_UNINITIALIZED_AUTOS = YES;
				INFOPLIST_FILE = "CedarTest/CedarTest-Info.plist";
				IPHONEOS_DEPLOYMENT_TARGET = 6.1;
				ONLY_ACTIVE_ARCH = YES;
				OTHER_LDFLAGS = (
					"-ObjC",
					"-all_load",
					"-lstdc++",
				);
				PRODUCT_NAME = "$(TARGET_NAME)";
				TEST_AFTER_BUILD = YES;
				TEST_HOST = "$(BUNDLE_LOADER)";
				WRAPPER_EXTENSION = octest;
			};
			name = Debug;
		};
		CE1F106F16E3464200964203 /* Release */ = {
			isa = XCBuildConfiguration;
			buildSettings = {
				ALWAYS_SEARCH_USER_PATHS = NO;
				BUNDLE_LOADER = "$(BUILT_PRODUCTS_DIR)/CoreDataBooks.app/CoreDataBooks";
				CLANG_CXX_LANGUAGE_STANDARD = "gnu++0x";
				CLANG_CXX_LIBRARY = "libc++";
				CLANG_ENABLE_OBJC_ARC = YES;
				CLANG_WARN_CONSTANT_CONVERSION = YES;
				CLANG_WARN_EMPTY_BODY = YES;
				CLANG_WARN_ENUM_CONVERSION = YES;
				CLANG_WARN_INT_CONVERSION = YES;
				CLANG_WARN__DUPLICATE_METHOD_MATCH = YES;
				COPY_PHASE_STRIP = YES;
				FRAMEWORK_SEARCH_PATHS = (
					"$(SDKROOT)/Developer/Library/Frameworks",
					"$(DEVELOPER_LIBRARY_DIR)/Frameworks",
					"\"$(SRCROOT)/CedarTest/Frameworks\"",
				);
				GCC_C_LANGUAGE_STANDARD = gnu99;
				GCC_GENERATE_TEST_COVERAGE_FILES = YES;
				GCC_PRECOMPILE_PREFIX_HEADER = YES;
				GCC_PREFIX_HEADER = "CedarTest/CedarTest-Prefix.pch";
				GCC_WARN_UNINITIALIZED_AUTOS = YES;
				INFOPLIST_FILE = "CedarTest/CedarTest-Info.plist";
				IPHONEOS_DEPLOYMENT_TARGET = 6.1;
				OTHER_LDFLAGS = (
					"-ObjC",
					"-all_load",
					"-lstdc++",
				);
				PRODUCT_NAME = "$(TARGET_NAME)";
				TEST_AFTER_BUILD = YES;
				TEST_HOST = "$(BUNDLE_LOADER)";
				VALIDATE_PRODUCT = YES;
				WRAPPER_EXTENSION = octest;
			};
			name = Release;
		};
		CE1F10A116E3498200964203 /* Debug */ = {
			isa = XCBuildConfiguration;
			buildSettings = {
				ALWAYS_SEARCH_USER_PATHS = NO;
				CLANG_CXX_LANGUAGE_STANDARD = "gnu++0x";
				CLANG_CXX_LIBRARY = "libc++";
				CLANG_ENABLE_OBJC_ARC = YES;
				CLANG_WARN_CONSTANT_CONVERSION = YES;
				CLANG_WARN_EMPTY_BODY = YES;
				CLANG_WARN_ENUM_CONVERSION = YES;
				CLANG_WARN_INT_CONVERSION = YES;
				CLANG_WARN__DUPLICATE_METHOD_MATCH = YES;
				"CODE_SIGN_IDENTITY[sdk=iphoneos*]" = "iPhone Developer";
				COPY_PHASE_STRIP = NO;
				FRAMEWORK_SEARCH_PATHS = (
					"$(inherited)",
					"\"$(SRCROOT)/CedarTestSuite/Frameworks\"",
				);
				GCC_C_LANGUAGE_STANDARD = gnu99;
				GCC_DYNAMIC_NO_PIC = NO;
				GCC_OPTIMIZATION_LEVEL = 0;
				GCC_PRECOMPILE_PREFIX_HEADER = YES;
				GCC_PREFIX_HEADER = "CedarTestSuite/CedarTestSuite-Prefix.pch";
				GCC_PREPROCESSOR_DEFINITIONS = (
					"DEBUG=1",
					"$(inherited)",
				);
				GCC_SYMBOLS_PRIVATE_EXTERN = NO;
				GCC_WARN_UNINITIALIZED_AUTOS = YES;
				INFOPLIST_FILE = "CedarTestSuite/CedarTestSuite-Info.plist";
				IPHONEOS_DEPLOYMENT_TARGET = 6.1;
				ONLY_ACTIVE_ARCH = YES;
				OTHER_LDFLAGS = (
					"-ObjC",
					"-all_load",
					"-lstdc++",
				);
				PRODUCT_NAME = "$(TARGET_NAME)";
				WRAPPER_EXTENSION = app;
			};
			name = Debug;
		};
		CE1F10A216E3498200964203 /* Release */ = {
			isa = XCBuildConfiguration;
			buildSettings = {
				ALWAYS_SEARCH_USER_PATHS = NO;
				CLANG_CXX_LANGUAGE_STANDARD = "gnu++0x";
				CLANG_CXX_LIBRARY = "libc++";
				CLANG_ENABLE_OBJC_ARC = YES;
				CLANG_WARN_CONSTANT_CONVERSION = YES;
				CLANG_WARN_EMPTY_BODY = YES;
				CLANG_WARN_ENUM_CONVERSION = YES;
				CLANG_WARN_INT_CONVERSION = YES;
				CLANG_WARN__DUPLICATE_METHOD_MATCH = YES;
				"CODE_SIGN_IDENTITY[sdk=iphoneos*]" = "iPhone Developer";
				COPY_PHASE_STRIP = YES;
				FRAMEWORK_SEARCH_PATHS = (
					"$(inherited)",
					"\"$(SRCROOT)/CedarTestSuite/Frameworks\"",
				);
				GCC_C_LANGUAGE_STANDARD = gnu99;
				GCC_PRECOMPILE_PREFIX_HEADER = YES;
				GCC_PREFIX_HEADER = "CedarTestSuite/CedarTestSuite-Prefix.pch";
				GCC_WARN_UNINITIALIZED_AUTOS = YES;
				INFOPLIST_FILE = "CedarTestSuite/CedarTestSuite-Info.plist";
				IPHONEOS_DEPLOYMENT_TARGET = 6.1;
				OTHER_CFLAGS = "-DNS_BLOCK_ASSERTIONS=1";
				OTHER_LDFLAGS = (
					"-ObjC",
					"-all_load",
					"-lstdc++",
				);
				PRODUCT_NAME = "$(TARGET_NAME)";
				VALIDATE_PRODUCT = YES;
				WRAPPER_EXTENSION = app;
			};
			name = Release;
		};
/* End XCBuildConfiguration section */

/* Begin XCConfigurationList section */
		1D6058960D05DD3E006BFB54 /* Build configuration list for PBXNativeTarget "CoreDataBooks" */ = {
			isa = XCConfigurationList;
			buildConfigurations = (
				1D6058940D05DD3E006BFB54 /* Debug */,
				1D6058950D05DD3E006BFB54 /* Release */,
			);
			defaultConfigurationIsVisible = 0;
			defaultConfigurationName = Release;
		};
		C01FCF4E08A954540054247B /* Build configuration list for PBXProject "CoreDataBooks" */ = {
			isa = XCConfigurationList;
			buildConfigurations = (
				C01FCF4F08A954540054247B /* Debug */,
				C01FCF5008A954540054247B /* Release */,
			);
			defaultConfigurationIsVisible = 0;
			defaultConfigurationName = Release;
		};
		CE1F103E16E2068800964203 /* Build configuration list for PBXNativeTarget "LogicTest" */ = {
			isa = XCConfigurationList;
			buildConfigurations = (
				CE1F103C16E2068800964203 /* Debug */,
				CE1F103D16E2068800964203 /* Release */,
			);
			defaultConfigurationIsVisible = 0;
			defaultConfigurationName = Release;
		};
		CE1F106D16E3464200964203 /* Build configuration list for PBXNativeTarget "CedarTest" */ = {
			isa = XCConfigurationList;
			buildConfigurations = (
				CE1F106E16E3464200964203 /* Debug */,
				CE1F106F16E3464200964203 /* Release */,
			);
			defaultConfigurationIsVisible = 0;
		};
		CE1F10A016E3498200964203 /* Build configuration list for PBXNativeTarget "CedarTestSuite" */ = {
			isa = XCConfigurationList;
			buildConfigurations = (
				CE1F10A116E3498200964203 /* Debug */,
				CE1F10A216E3498200964203 /* Release */,
			);
			defaultConfigurationIsVisible = 0;
		};
/* End XCConfigurationList section */

/* Begin XCVersionGroup section */
		2858AAB41528CA9400A1E836 /* CoreDataBooks.xcdatamodeld */ = {
			isa = XCVersionGroup;
			children = (
				2858AAB51528CA9400A1E836 /* CoreDataBooks.xcdatamodel */,
			);
			currentVersion = 2858AAB51528CA9400A1E836 /* CoreDataBooks.xcdatamodel */;
			path = CoreDataBooks.xcdatamodeld;
			sourceTree = "<group>";
			versionGroupType = wrapper.xcdatamodel;
		};
/* End XCVersionGroup section */
	};
	rootObject = 29B97313FDCFA39411CA2CEA /* Project object */;
}
